// !$*UTF8*$!
{
	archiveVersion = 1;
	classes = {
	};
	objectVersion = 50;
	objects = {

/* Begin PBXBuildFile section */
		6E535DE620FA854D00996470 /* Assets.xcassets in Resources */ = {isa = PBXBuildFile; fileRef = 6E535DE520FA854D00996470 /* Assets.xcassets */; };
		6EC666F120FA8C9200827A26 /* Roboto-Bold.ttf in Resources */ = {isa = PBXBuildFile; fileRef = 6EC666EE20FA8C9100827A26 /* Roboto-Bold.ttf */; };
		6EC666F220FA8C9200827A26 /* Roboto-Medium.ttf in Resources */ = {isa = PBXBuildFile; fileRef = 6EC666EF20FA8C9100827A26 /* Roboto-Medium.ttf */; };
		6EC666F320FA8C9200827A26 /* Roboto-Regular.ttf in Resources */ = {isa = PBXBuildFile; fileRef = 6EC666F020FA8C9200827A26 /* Roboto-Regular.ttf */; };
		6EC666FD20FAACFC00827A26 /* sheep.png in Resources */ = {isa = PBXBuildFile; fileRef = 6EC666FC20FAACFC00827A26 /* sheep.png */; };
		6EC6670A20FABD6A00827A26 /* CloudKit.framework in Frameworks */ = {isa = PBXBuildFile; fileRef = 6EC6670920FABD6900827A26 /* CloudKit.framework */; };
		B10000000000000000000001 /* NoDiaryApp.swift in Sources */ = {isa = PBXBuildFile; fileRef = A10000000000000000000001 /* NoDiaryApp.swift */; };
		B10000000000000000000002 /* DiaryEntry.swift in Sources */ = {isa = PBXBuildFile; fileRef = A10000000000000000000002 /* DiaryEntry.swift */; };
		B10000000000000000000003 /* CloudKitService.swift in Sources */ = {isa = PBXBuildFile; fileRef = A10000000000000000000003 /* CloudKitService.swift */; };
		B10000000000000000000004 /* CalendarView.swift in Sources */ = {isa = PBXBuildFile; fileRef = A10000000000000000000004 /* CalendarView.swift */; };
		B10000000000000000000005 /* CalendarGridView.swift in Sources */ = {isa = PBXBuildFile; fileRef = A10000000000000000000005 /* CalendarGridView.swift */; };
		B10000000000000000000006 /* DiaryEditorView.swift in Sources */ = {isa = PBXBuildFile; fileRef = A10000000000000000000006 /* DiaryEditorView.swift */; };
		B10000000000000000000007 /* LoadingOverlay.swift in Sources */ = {isa = PBXBuildFile; fileRef = A10000000000000000000007 /* LoadingOverlay.swift */; };
		B10000000000000000000008 /* AppColors.swift in Sources */ = {isa = PBXBuildFile; fileRef = A10000000000000000000008 /* AppColors.swift */; };
		B10000000000000000000009 /* AppFonts.swift in Sources */ = {isa = PBXBuildFile; fileRef = A10000000000000000000009 /* AppFonts.swift */; };
		B1000000000000000000000B /* Localizable.xcstrings in Resources */ = {isa = PBXBuildFile; fileRef = A1000000000000000000000B /* Localizable.xcstrings */; };
/* End PBXBuildFile section */

/* Begin PBXFileReference section */
		6E535DDB20FA854C00996470 /* NoDiary.app */ = {isa = PBXFileReference; explicitFileType = wrapper.application; includeInIndex = 0; path = NoDiary.app; sourceTree = BUILT_PRODUCTS_DIR; };
		6E535DE520FA854D00996470 /* Assets.xcassets */ = {isa = PBXFileReference; lastKnownFileType = folder.assetcatalog; path = Assets.xcassets; sourceTree = "<group>"; };
		6EC666EE20FA8C9100827A26 /* Roboto-Bold.ttf */ = {isa = PBXFileReference; lastKnownFileType = file; path = "Roboto-Bold.ttf"; sourceTree = "<group>"; };
		6EC666EF20FA8C9100827A26 /* Roboto-Medium.ttf */ = {isa = PBXFileReference; lastKnownFileType = file; path = "Roboto-Medium.ttf"; sourceTree = "<group>"; };
		6EC666F020FA8C9200827A26 /* Roboto-Regular.ttf */ = {isa = PBXFileReference; lastKnownFileType = file; path = "Roboto-Regular.ttf"; sourceTree = "<group>"; };
		6EC666FC20FAACFC00827A26 /* sheep.png */ = {isa = PBXFileReference; lastKnownFileType = image.png; path = sheep.png; sourceTree = "<group>"; };
		6EC666FF20FAAEB400827A26 /* NoNote.entitlements */ = {isa = PBXFileReference; lastKnownFileType = text.plist.entitlements; path = NoNote.entitlements; sourceTree = "<group>"; };
		6EC6670920FABD6900827A26 /* CloudKit.framework */ = {isa = PBXFileReference; lastKnownFileType = wrapper.framework; name = CloudKit.framework; path = System/Library/Frameworks/CloudKit.framework; sourceTree = SDKROOT; };
		A10000000000000000000001 /* NoDiaryApp.swift */ = {isa = PBXFileReference; lastKnownFileType = sourcecode.swift; path = NoDiaryApp.swift; sourceTree = "<group>"; };
		A10000000000000000000002 /* DiaryEntry.swift */ = {isa = PBXFileReference; lastKnownFileType = sourcecode.swift; path = DiaryEntry.swift; sourceTree = "<group>"; };
		A10000000000000000000003 /* CloudKitService.swift */ = {isa = PBXFileReference; lastKnownFileType = sourcecode.swift; path = CloudKitService.swift; sourceTree = "<group>"; };
		A10000000000000000000004 /* CalendarView.swift */ = {isa = PBXFileReference; lastKnownFileType = sourcecode.swift; path = CalendarView.swift; sourceTree = "<group>"; };
		A10000000000000000000005 /* CalendarGridView.swift */ = {isa = PBXFileReference; lastKnownFileType = sourcecode.swift; path = CalendarGridView.swift; sourceTree = "<group>"; };
		A10000000000000000000006 /* DiaryEditorView.swift */ = {isa = PBXFileReference; lastKnownFileType = sourcecode.swift; path = DiaryEditorView.swift; sourceTree = "<group>"; };
		A10000000000000000000007 /* LoadingOverlay.swift */ = {isa = PBXFileReference; lastKnownFileType = sourcecode.swift; path = LoadingOverlay.swift; sourceTree = "<group>"; };
		A10000000000000000000008 /* AppColors.swift */ = {isa = PBXFileReference; lastKnownFileType = sourcecode.swift; path = AppColors.swift; sourceTree = "<group>"; };
		A10000000000000000000009 /* AppFonts.swift */ = {isa = PBXFileReference; lastKnownFileType = sourcecode.swift; path = AppFonts.swift; sourceTree = "<group>"; };
		A1000000000000000000000A /* Info.plist */ = {isa = PBXFileReference; lastKnownFileType = text.plist.xml; path = Info.plist; sourceTree = "<group>"; };
		A1000000000000000000000B /* Localizable.xcstrings */ = {isa = PBXFileReference; lastKnownFileType = text.json.xcstrings; path = Localizable.xcstrings; sourceTree = "<group>"; };
/* End PBXFileReference section */

/* Begin PBXFrameworksBuildPhase section */
		6E535DD820FA854C00996470 /* Frameworks */ = {
			isa = PBXFrameworksBuildPhase;
			buildActionMask = 2147483647;
			files = (
				6EC6670A20FABD6A00827A26 /* CloudKit.framework in Frameworks */,
			);
			runOnlyForDeploymentPostprocessing = 0;
		};
/* End PBXFrameworksBuildPhase section */

/* Begin PBXGroup section */
		1E702CF9F8D389FEF4D51BAC /* Frameworks */ = {
			isa = PBXGroup;
			children = (
				6EC6670920FABD6900827A26 /* CloudKit.framework */,
			);
			name = Frameworks;
			sourceTree = "<group>";
		};
		6E535DD220FA854C00996470 = {
			isa = PBXGroup;
			children = (
				6E535DE520FA854D00996470 /* Assets.xcassets */,
				6E535DDD20FA854C00996470 /* NoNote */,
				6E535DDC20FA854C00996470 /* Products */,
				1E702CF9F8D389FEF4D51BAC /* Frameworks */,
			);
			sourceTree = "<group>";
		};
		6E535DDC20FA854C00996470 /* Products */ = {
			isa = PBXGroup;
			children = (
				6E535DDB20FA854C00996470 /* NoDiary.app */,
			);
			name = Products;
			sourceTree = "<group>";
		};
		6E535DDD20FA854C00996470 /* NoNote */ = {
			isa = PBXGroup;
			children = (
				6EC666FF20FAAEB400827A26 /* NoNote.entitlements */,
				6EC666FC20FAACFC00827A26 /* sheep.png */,
				C10000000000000000000001 /* App */,
				C10000000000000000000002 /* Models */,
				C10000000000000000000003 /* Services */,
				C10000000000000000000004 /* Views */,
				C10000000000000000000005 /* Theme */,
				C10000000000000000000006 /* Localization */,
				6EC666EB20FA8C2200827A26 /* Resource */,
			);
			path = NoNote;
			sourceTree = "<group>";
		};
		6EC666EB20FA8C2200827A26 /* Resource */ = {
			isa = PBXGroup;
			children = (
				6EC666EE20FA8C9100827A26 /* Roboto-Bold.ttf */,
				6EC666EF20FA8C9100827A26 /* Roboto-Medium.ttf */,
				6EC666F020FA8C9200827A26 /* Roboto-Regular.ttf */,
			);
			path = Resource;
			sourceTree = "<group>";
		};
		C10000000000000000000001 /* App */ = {
			isa = PBXGroup;
			children = (
				A10000000000000000000001 /* NoDiaryApp.swift */,
				A1000000000000000000000A /* Info.plist */,
			);
			path = App;
			sourceTree = "<group>";
		};
		C10000000000000000000002 /* Models */ = {
			isa = PBXGroup;
			children = (
				A10000000000000000000002 /* DiaryEntry.swift */,
			);
			path = Models;
			sourceTree = "<group>";
		};
		C10000000000000000000003 /* Services */ = {
			isa = PBXGroup;
			children = (
				A10000000000000000000003 /* CloudKitService.swift */,
			);
			path = Services;
			sourceTree = "<group>";
		};
		C10000000000000000000004 /* Views */ = {
			isa = PBXGroup;
			children = (
				A10000000000000000000004 /* CalendarView.swift */,
				A10000000000000000000005 /* CalendarGridView.swift */,
				A10000000000000000000006 /* DiaryEditorView.swift */,
				A10000000000000000000007 /* LoadingOverlay.swift */,
			);
			path = Views;
			sourceTree = "<group>";
		};
		C10000000000000000000005 /* Theme */ = {
			isa = PBXGroup;
			children = (
				A10000000000000000000008 /* AppColors.swift */,
				A10000000000000000000009 /* AppFonts.swift */,
			);
			path = Theme;
			sourceTree = "<group>";
		};
		C10000000000000000000006 /* Localization */ = {
			isa = PBXGroup;
			children = (
				A1000000000000000000000B /* Localizable.xcstrings */,
			);
			path = Localization;
			sourceTree = "<group>";
		};
/* End PBXGroup section */

/* Begin PBXNativeTarget section */
		6E535DDA20FA854C00996470 /* NoDiary */ = {
			isa = PBXNativeTarget;
			buildConfigurationList = 6E535DED20FA854D00996470 /* Build configuration list for PBXNativeTarget "NoDiary" */;
			buildPhases = (
				6E535DD720FA854C00996470 /* Sources */,
				6E535DD820FA854C00996470 /* Frameworks */,
				6E535DD920FA854C00996470 /* Resources */,
			);
			buildRules = (
			);
			dependencies = (
			);
			name = NoDiary;
			productName = NoNote;
			productReference = 6E535DDB20FA854C00996470 /* NoDiary.app */;
			productType = "com.apple.product-type.application";
		};
/* End PBXNativeTarget section */

/* Begin PBXProject section */
		6E535DD320FA854C00996470 /* Project object */ = {
			isa = PBXProject;
			attributes = {
				LastSwiftUpdateCheck = 0940;
				LastUpgradeCheck = 0940;
				ORGANIZATIONNAME = "Xie Liwei";
				TargetAttributes = {
					6E535DDA20FA854C00996470 = {
						CreatedOnToolsVersion = 9.4.1;
						SystemCapabilities = {
							com.apple.Push = {
								enabled = 1;
							};
							com.apple.iCloud = {
								enabled = 1;
							};
						};
					};
				};
			};
			buildConfigurationList = 6E535DD620FA854C00996470 /* Build configuration list for PBXProject "NoNote" */;
			compatibilityVersion = "Xcode 9.3";
			developmentRegion = en;
			hasScannedForEncodings = 0;
			knownRegions = (
				en,
				Base,
				"zh-Hans",
			);
			mainGroup = 6E535DD220FA854C00996470;
			productRefGroup = 6E535DDC20FA854C00996470 /* Products */;
			projectDirPath = "";
			projectRoot = "";
			targets = (
				6E535DDA20FA854C00996470 /* NoDiary */,
			);
		};
/* End PBXProject section */

/* Begin PBXResourcesBuildPhase section */
		6E535DD920FA854C00996470 /* Resources */ = {
			isa = PBXResourcesBuildPhase;
			buildActionMask = 2147483647;
			files = (
				6EC666F320FA8C9200827A26 /* Roboto-Regular.ttf in Resources */,
				6E535DE620FA854D00996470 /* Assets.xcassets in Resources */,
				6EC666F220FA8C9200827A26 /* Roboto-Medium.ttf in Resources */,
				6EC666F120FA8C9200827A26 /* Roboto-Bold.ttf in Resources */,
				6EC666FD20FAACFC00827A26 /* sheep.png in Resources */,
				B1000000000000000000000B /* Localizable.xcstrings in Resources */,
			);
			runOnlyForDeploymentPostprocessing = 0;
		};
/* End PBXResourcesBuildPhase section */

/* Begin PBXSourcesBuildPhase section */
		6E535DD720FA854C00996470 /* Sources */ = {
			isa = PBXSourcesBuildPhase;
			buildActionMask = 2147483647;
			files = (
				B10000000000000000000001 /* NoDiaryApp.swift in Sources */,
				B10000000000000000000002 /* DiaryEntry.swift in Sources */,
				B10000000000000000000003 /* CloudKitService.swift in Sources */,
				B10000000000000000000004 /* CalendarView.swift in Sources */,
				B10000000000000000000005 /* CalendarGridView.swift in Sources */,
				B10000000000000000000006 /* DiaryEditorView.swift in Sources */,
				B10000000000000000000007 /* LoadingOverlay.swift in Sources */,
				B10000000000000000000008 /* AppColors.swift in Sources */,
				B10000000000000000000009 /* AppFonts.swift in Sources */,
			);
			runOnlyForDeploymentPostprocessing = 0;
		};
/* End PBXSourcesBuildPhase section */

/* Begin XCBuildConfiguration section */
		6E535DEB20FA854D00996470 /* Debug */ = {
			isa = XCBuildConfiguration;
			buildSettings = {
				ALWAYS_SEARCH_USER_PATHS = NO;
				CLANG_ANALYZER_LOCALIZABILITY_NONLOCALIZED = YES;
				CLANG_ANALYZER_NONNULL = YES;
				CLANG_ANALYZER_NUMBER_OBJECT_CONVERSION = YES_AGGRESSIVE;
				CLANG_CXX_LANGUAGE_STANDARD = "gnu++14";
				CLANG_CXX_LIBRARY = "libc++";
				CLANG_ENABLE_MODULES = YES;
				CLANG_ENABLE_OBJC_ARC = YES;
				CLANG_ENABLE_OBJC_WEAK = YES;
				CLANG_WARN_BLOCK_CAPTURE_AUTORELEASING = YES;
				CLANG_WARN_BOOL_CONVERSION = YES;
				CLANG_WARN_COMMA = YES;
				CLANG_WARN_CONSTANT_CONVERSION = YES;
				CLANG_WARN_DEPRECATED_OBJC_IMPLEMENTATIONS = YES;
				CLANG_WARN_DIRECT_OBJC_ISA_USAGE = YES_ERROR;
				CLANG_WARN_DOCUMENTATION_COMMENTS = YES;
				CLANG_WARN_EMPTY_BODY = YES;
				CLANG_WARN_ENUM_CONVERSION = YES;
				CLANG_WARN_INFINITE_RECURSION = YES;
				CLANG_WARN_INT_CONVERSION = YES;
				CLANG_WARN_NON_LITERAL_NULL_CONVERSION = YES;
				CLANG_WARN_OBJC_IMPLICIT_RETAIN_SELF = YES;
				CLANG_WARN_OBJC_LITERAL_CONVERSION = YES;
				CLANG_WARN_OBJC_ROOT_CLASS = YES_ERROR;
				CLANG_WARN_RANGE_LOOP_ANALYSIS = YES;
				CLANG_WARN_STRICT_PROTOTYPES = YES;
				CLANG_WARN_SUSPICIOUS_MOVE = YES;
				CLANG_WARN_UNGUARDED_AVAILABILITY = YES_AGGRESSIVE;
				CLANG_WARN_UNREACHABLE_CODE = YES;
				CLANG_WARN__DUPLICATE_METHOD_MATCH = YES;
				CODE_SIGN_IDENTITY = "iPhone Developer";
				COPY_PHASE_STRIP = NO;
				DEBUG_INFORMATION_FORMAT = dwarf;
				ENABLE_STRICT_OBJC_MSGSEND = YES;
				ENABLE_TESTABILITY = YES;
				GCC_C_LANGUAGE_STANDARD = gnu11;
				GCC_DYNAMIC_NO_PIC = NO;
				GCC_NO_COMMON_BLOCKS = YES;
				GCC_OPTIMIZATION_LEVEL = 0;
				GCC_PREPROCESSOR_DEFINITIONS = (
					"DEBUG=1",
					"$(inherited)",
				);
				GCC_WARN_64_TO_32_BIT_CONVERSION = YES;
				GCC_WARN_ABOUT_RETURN_TYPE = YES_ERROR;
				GCC_WARN_UNDECLARED_SELECTOR = YES;
				GCC_WARN_UNINITIALIZED_AUTOS = YES_AGGRESSIVE;
				GCC_WARN_UNUSED_FUNCTION = YES;
				GCC_WARN_UNUSED_VARIABLE = YES;
				IPHONEOS_DEPLOYMENT_TARGET = 16.0;
				MTL_ENABLE_DEBUG_INFO = YES;
				ONLY_ACTIVE_ARCH = YES;
				SDKROOT = iphoneos;
				SWIFT_ACTIVE_COMPILATION_CONDITIONS = DEBUG;
				SWIFT_OPTIMIZATION_LEVEL = "-Onone";
			};
			name = Debug;
		};
		6E535DEC20FA854D00996470 /* Release */ = {
			isa = XCBuildConfiguration;
			buildSettings = {
				ALWAYS_SEARCH_USER_PATHS = NO;
				CLANG_ANALYZER_LOCALIZABILITY_NONLOCALIZED = YES;
				CLANG_ANALYZER_NONNULL = YES;
				CLANG_ANALYZER_NUMBER_OBJECT_CONVERSION = YES_AGGRESSIVE;
				CLANG_CXX_LANGUAGE_STANDARD = "gnu++14";
				CLANG_CXX_LIBRARY = "libc++";
				CLANG_ENABLE_MODULES = YES;
				CLANG_ENABLE_OBJC_ARC = YES;
				CLANG_ENABLE_OBJC_WEAK = YES;
				CLANG_WARN_BLOCK_CAPTURE_AUTORELEASING = YES;
				CLANG_WARN_BOOL_CONVERSION = YES;
				CLANG_WARN_COMMA = YES;
				CLANG_WARN_CONSTANT_CONVERSION = YES;
				CLANG_WARN_DEPRECATED_OBJC_IMPLEMENTATIONS = YES;
				CLANG_WARN_DIRECT_OBJC_ISA_USAGE = YES_ERROR;
				CLANG_WARN_DOCUMENTATION_COMMENTS = YES;
				CLANG_WARN_EMPTY_BODY = YES;
				CLANG_WARN_ENUM_CONVERSION = YES;
				CLANG_WARN_INFINITE_RECURSION = YES;
				CLANG_WARN_INT_CONVERSION = YES;
				CLANG_WARN_NON_LITERAL_NULL_CONVERSION = YES;
				CLANG_WARN_OBJC_IMPLICIT_RETAIN_SELF = YES;
				CLANG_WARN_OBJC_LITERAL_CONVERSION = YES;
				CLANG_WARN_OBJC_ROOT_CLASS = YES_ERROR;
				CLANG_WARN_RANGE_LOOP_ANALYSIS = YES;
				CLANG_WARN_STRICT_PROTOTYPES = YES;
				CLANG_WARN_SUSPICIOUS_MOVE = YES;
				CLANG_WARN_UNGUARDED_AVAILABILITY = YES_AGGRESSIVE;
				CLANG_WARN_UNREACHABLE_CODE = YES;
				CLANG_WARN__DUPLICATE_METHOD_MATCH = YES;
				CODE_SIGN_IDENTITY = "iPhone Developer";
				COPY_PHASE_STRIP = NO;
				DEBUG_INFORMATION_FORMAT = "dwarf-with-dsym";
				ENABLE_NS_ASSERTIONS = NO;
				ENABLE_STRICT_OBJC_MSGSEND = YES;
				GCC_C_LANGUAGE_STANDARD = gnu11;
				GCC_NO_COMMON_BLOCKS = YES;
				GCC_WARN_64_TO_32_BIT_CONVERSION = YES;
				GCC_WARN_ABOUT_RETURN_TYPE = YES_ERROR;
				GCC_WARN_UNDECLARED_SELECTOR = YES;
				GCC_WARN_UNINITIALIZED_AUTOS = YES_AGGRESSIVE;
				GCC_WARN_UNUSED_FUNCTION = YES;
				GCC_WARN_UNUSED_VARIABLE = YES;
				IPHONEOS_DEPLOYMENT_TARGET = 16.0;
				MTL_ENABLE_DEBUG_INFO = NO;
				SDKROOT = iphoneos;
				SWIFT_COMPILATION_MODE = wholemodule;
				SWIFT_OPTIMIZATION_LEVEL = "-O";
				VALIDATE_PRODUCT = YES;
			};
			name = Release;
		};
		6E535DEE20FA854D00996470 /* Debug */ = {
			isa = XCBuildConfiguration;
			buildSettings = {
				ASSETCATALOG_COMPILER_APPICON_NAME = AppIcon;
				CLANG_ENABLE_MODULES = YES;
				CODE_SIGN_ENTITLEMENTS = NoNote/NoNote.entitlements;
				CODE_SIGN_STYLE = Automatic;
				CURRENT_PROJECT_VERSION = 1;
				DEVELOPMENT_TEAM = BMM986A3RM;
				INFOPLIST_FILE = "$(SRCROOT)/NoNote/App/Info.plist";
				LD_RUNPATH_SEARCH_PATHS = (
					"$(inherited)",
					"@executable_path/Frameworks",
				);
				MARKETING_VERSION = 1.12;
				PRODUCT_BUNDLE_IDENTIFIER = greenCross.NoDiary;
				PRODUCT_NAME = "$(TARGET_NAME)";
				SWIFT_OPTIMIZATION_LEVEL = "-Onone";
				SWIFT_VERSION = 5.0;
				TARGETED_DEVICE_FAMILY = "1,2";
			};
			name = Debug;
		};
		6E535DEF20FA854D00996470 /* Release */ = {
			isa = XCBuildConfiguration;
			buildSettings = {
				ASSETCATALOG_COMPILER_APPICON_NAME = AppIcon;
				CLANG_ENABLE_MODULES = YES;
				CODE_SIGN_ENTITLEMENTS = NoNote/NoNote.entitlements;
				CODE_SIGN_STYLE = Automatic;
				CURRENT_PROJECT_VERSION = 1;
				DEVELOPMENT_TEAM = BMM986A3RM;
				INFOPLIST_FILE = "$(SRCROOT)/NoNote/App/Info.plist";
				LD_RUNPATH_SEARCH_PATHS = (
					"$(inherited)",
					"@executable_path/Frameworks",
				);
				MARKETING_VERSION = 1.12;
				PRODUCT_BUNDLE_IDENTIFIER = greenCross.NoDiary;
				PRODUCT_NAME = "$(TARGET_NAME)";
				SWIFT_VERSION = 5.0;
				TARGETED_DEVICE_FAMILY = "1,2";
			};
			name = Release;
		};
/* End XCBuildConfiguration section */

/* Begin XCConfigurationList section */
		6E535DD620FA854C00996470 /* Build configuration list for PBXProject "NoNote" */ = {
			isa = XCConfigurationList;
			buildConfigurations = (
				6E535DEB20FA854D00996470 /* Debug */,
				6E535DEC20FA854D00996470 /* Release */,
			);
			defaultConfigurationIsVisible = 0;
			defaultConfigurationName = Release;
		};
		6E535DED20FA854D00996470 /* Build configuration list for PBXNativeTarget "NoDiary" */ = {
			isa = XCConfigurationList;
			buildConfigurations = (
				6E535DEE20FA854D00996470 /* Debug */,
				6E535DEF20FA854D00996470 /* Release */,
			);
			defaultConfigurationIsVisible = 0;
			defaultConfigurationName = Release;
		};
/* End XCConfigurationList section */
	};
	rootObject = 6E535DD320FA854C00996470 /* Project object */;
}
